
Microsoft Visual Studio Solution File, Format Version 12.00
# Visual Studio Version 17
VisualStudioVersion = 17.14.36518.9 d17.14
MinimumVisualStudioVersion = 10.0.40219.1
Project("{FAE04EC0-301F-11D3-BF4B-00C04F79EFBC}") = "Client", "GAMECARO\Client.csproj", "{FC67088A-5299-4349-B669-F8A2D4B6D75E}"
EndProject
Project("{FAE04EC0-301F-11D3-BF4B-00C04F79EFBC}") = "Server", "Server\Server.csproj", "{03AE19EF-E646-4971-BEB9-52E28864EE06}"
EndProject
Global
	GlobalSection(SolutionConfigurationPlatforms) = preSolution
		Debug|Any CPU = Debug|Any CPU
		Release|Any CPU = Release|Any CPU
	EndGlobalSection
	GlobalSection(ProjectConfigurationPlatforms) = postSolution
		{FC67088A-5299-4349-B669-F8A2D4B6D75E}.Debug|Any CPU.ActiveCfg = Debug|Any CPU
		{FC67088A-5299-4349-B669-F8A2D4B6D75E}.Debug|Any CPU.Build.0 = Debug|Any CPU
		{FC67088A-5299-4349-B669-F8A2D4B6D75E}.Release|Any CPU.ActiveCfg = Release|Any CPU
		{FC67088A-5299-4349-B669-F8A2D4B6D75E}.Release|Any CPU.Build.0 = Release|Any CPU
		{03AE19EF-E646-4971-BEB9-52E28864EE06}.Debug|Any CPU.ActiveCfg = Debug|Any CPU
		{03AE19EF-E646-4971-BEB9-52E28864EE06}.Debug|Any CPU.Build.0 = Debug|Any CPU
		{03AE19EF-E646-4971-BEB9-52E28864EE06}.Release|Any CPU.ActiveCfg = Release|Any CPU
		{03AE19EF-E646-4971-BEB9-52E28864EE06}.Release|Any CPU.Build.0 = Release|Any CPU
	EndGlobalSection
	GlobalSection(SolutionProperties) = preSolution
		HideSolutionNode = FALSE
	EndGlobalSection
	GlobalSection(ExtensibilityGlobals) = postSolution
		SolutionGuid = {C50239D7-F820-4594-8979-E186A735B796}
	EndGlobalSection
EndGlobal
